%{
  "certifi": {:git, "https://github.com/certifi/erlang-certifi", "4ad4051fd3f1d6ae8f9c4fe5eb3fb4f1cd66363e", [tag: "2.4.2"]},
  "floki": {:hex, :floki, "0.20.4", "be42ac911fece24b4c72f3b5846774b6e61b83fe685c2fc9d62093277fb3bc86", [:mix], [{:html_entities, "~> 0.4.0", [hex: :html_entities, repo: "hexpm", optional: false]}, {:mochiweb, "~> 2.15", [hex: :mochiweb, repo: "hexpm", optional: false]}], "hexpm"},
  "hackney": {:hex, :hackney, "1.14.3", "b5f6f5dcc4f1fba340762738759209e21914516df6be440d85772542d4a5e412", [:rebar3], [{:certifi, "2.4.2", [hex: :certifi, repo: "hexpm", optional: false]}, {:idna, "6.0.0", [hex: :idna, repo: "hexpm", optional: false]}, {:metrics, "1.0.1", [hex: :metrics, repo: "hexpm", optional: false]}, {:mimerl, "1.0.2", [hex: :mimerl, repo: "hexpm", optional: false]}, {:ssl_verify_fun, "1.1.4", [hex: :ssl_verify_fun, repo: "hexpm", optional: false]}], "hexpm"},
  "html_entities": {:hex, :html_entities, "0.4.0", "f2fee876858cf6aaa9db608820a3209e45a087c5177332799592142b50e89a6b", [:mix], [], "hexpm"},
  "httpoison": {:hex, :httpoison, "1.4.0", "e0b3c2ad6fa573134e42194d13e925acfa8f89d138bc621ffb7b1989e6d22e73", [:mix], [{:hackney, "~> 1.8", [hex: :hackney, repo: "hexpm", optional: false]}], "hexpm"},
  "idna": {:hex, :idna, "6.0.0", "689c46cbcdf3524c44d5f3dde8001f364cd7608a99556d8fbd8239a5798d4c10", [:rebar3], [{:unicode_util_compat, "0.4.1", [hex: :unicode_util_compat, repo: "hexpm", optional: false]}], "hexpm"},
  "metrics": {:git, "https://github.com/benoitc/erlang-metrics", "c6eb4dcf29f9e907539915e2ab996f40c2ec7e8e", [tag: "1.0.1"]},
  "mimerl": {:git, "https://github.com/benoitc/mimerl", "678aba028a690da6822c87410d475841c048b6bf", [tag: "1.0.2"]},
  "mochiweb": {:hex, :mochiweb, "2.18.0", "eb55f1db3e6e960fac4e6db4e2db9ec3602cc9f30b86cd1481d56545c3145d2e", [:rebar3], [], "hexpm"},
  "parse_trans": {:git, "https://github.com/uwiger/parse_trans.git", "76abb347c3c1d00fb0ccf9e4b43e22b3d2288484", [tag: "3.3.0"]},
  "ssl_verify_fun": {:git, "https://github.com/deadtrickster/ssl_verify_fun.erl", "c5718226b0b9f3d1a38ef6ca3c3b4c75f53dda92", [tag: "1.1.4"]},
  "unicode_util_compat": {:git, "https://github.com/benoitc/unicode_util_compat.git", "38d7bc105f51159e8ea3279c40121db9db1e652f", [tag: "0.3.1"]},
}
